{
  "name": "@lordfokas/yrframe",
  "version": "0.2.0",
  "lockfileVersion": 2,
  "requires": true,
  "packages": {
    "": {
      "name": "@lordfokas/yrframe",
      "version": "0.2.0",
      "license": "MIT",
      "dependencies": {
        "@lordfokas/event-bus": "^1.0.21"
      },
      "devDependencies": {
        "typescript": "^5.3.3"
      }
    },
    "node_modules/@lordfokas/event-bus": {
      "version": "1.0.21",
      "resolved": "https://registry.npmjs.org/@lordfokas/event-bus/-/event-bus-1.0.21.tgz",
      "integrity": "sha512-fem941IZ7cLQlviLVYz4NseE+tlevodj2sTdkPPFhtC0kveWvnQFPYTBHP7JC0HpYqaeiIr+lyNPU0SNc8pQTA=="
    },
    "node_modules/typescript": {
      "version": "5.3.3",
      "resolved": "https://registry.npmjs.org/typescript/-/typescript-5.3.3.tgz",
      "integrity": "sha512-pXWcraxM0uxAS+tN0AG/BF2TyqmHO014Z070UsJ+pFvYuRSq8KH8DmWpnbXe0pEPDHXZV3FcAbJkijJ5oNEnWw==",
      "dev": true,
      "bin": {
        "tsc": "bin/tsc",
        "tsserver": "bin/tsserver"
      },
      "engines": {
        "node": ">=14.17"
      }
    }
  },
  "dependencies": {
    "@lordfokas/event-bus": {
      "version": "1.0.21",
      "resolved": "https://registry.npmjs.org/@lordfokas/event-bus/-/event-bus-1.0.21.tgz",
      "integrity": "sha512-fem941IZ7cLQlviLVYz4NseE+tlevodj2sTdkPPFhtC0kveWvnQFPYTBHP7JC0HpYqaeiIr+lyNPU0SNc8pQTA=="
    },
    "typescript": {
      "version": "5.3.3",
      "resolved": "https://registry.npmjs.org/typescript/-/typescript-5.3.3.tgz",
      "integrity": "sha512-pXWcraxM0uxAS+tN0AG/BF2TyqmHO014Z070UsJ+pFvYuRSq8KH8DmWpnbXe0pEPDHXZV3FcAbJkijJ5oNEnWw==",
      "dev": true
    }
  }
}
