{
  "name": "@lordfokas/yrframe",
  "version": "0.1.2",
  "lockfileVersion": 2,
  "requires": true,
  "packages": {
    "": {
      "name": "@lordfokas/yrframe",
      "version": "0.1.2",
      "license": "MIT",
      "dependencies": {
        "@lordfokas/event-bus": "^1.0.4"
      },
      "devDependencies": {
        "typescript": "^5.3.3"
      }
    },
    "node_modules/@lordfokas/event-bus": {
      "version": "1.0.4",
      "resolved": "https://registry.npmjs.org/@lordfokas/event-bus/-/event-bus-1.0.4.tgz",
      "integrity": "sha512-iAajXgkj+lt2psjm9/Tl166OFMCgAc+iUXDUSR3JTDyHlNs1yBfUCyqKTXNd6a1ebV/yimoJiwTXvafrh9+oTg=="
    },
    "node_modules/typescript": {
      "version": "5.3.3",
      "resolved": "https://registry.npmjs.org/typescript/-/typescript-5.3.3.tgz",
      "integrity": "sha512-pXWcraxM0uxAS+tN0AG/BF2TyqmHO014Z070UsJ+pFvYuRSq8KH8DmWpnbXe0pEPDHXZV3FcAbJkijJ5oNEnWw==",
      "dev": true,
      "bin": {
        "tsc": "bin/tsc",
        "tsserver": "bin/tsserver"
      },
      "engines": {
        "node": ">=14.17"
      }
    }
  },
  "dependencies": {
    "@lordfokas/event-bus": {
      "version": "1.0.4",
      "resolved": "https://registry.npmjs.org/@lordfokas/event-bus/-/event-bus-1.0.4.tgz",
      "integrity": "sha512-iAajXgkj+lt2psjm9/Tl166OFMCgAc+iUXDUSR3JTDyHlNs1yBfUCyqKTXNd6a1ebV/yimoJiwTXvafrh9+oTg=="
    },
    "typescript": {
      "version": "5.3.3",
      "resolved": "https://registry.npmjs.org/typescript/-/typescript-5.3.3.tgz",
      "integrity": "sha512-pXWcraxM0uxAS+tN0AG/BF2TyqmHO014Z070UsJ+pFvYuRSq8KH8DmWpnbXe0pEPDHXZV3FcAbJkijJ5oNEnWw==",
      "dev": true
    }
  }
}
