{
  "name": "@lordfokas/yrframe",
  "version": "0.3.0",
  "lockfileVersion": 2,
  "requires": true,
  "packages": {
    "": {
      "name": "@lordfokas/yrframe",
      "version": "0.3.0",
      "license": "MIT",
      "dependencies": {
        "@lordfokas/event-bus": "^1.0.22"
      },
      "devDependencies": {
        "typescript": "^5.3.3"
      }
    },
    "node_modules/@lordfokas/event-bus": {
      "version": "1.0.22",
      "resolved": "https://registry.npmjs.org/@lordfokas/event-bus/-/event-bus-1.0.22.tgz",
      "integrity": "sha512-2iWIcDwkjUm9LcSq+eU+woPahzk4cJmRzL+It/HGU0zgwO0zcOODNyruvenGjjKDU2lP22+CJr7KdkOaP4H6pg=="
    },
    "node_modules/typescript": {
      "version": "5.3.3",
      "resolved": "https://registry.npmjs.org/typescript/-/typescript-5.3.3.tgz",
      "integrity": "sha512-pXWcraxM0uxAS+tN0AG/BF2TyqmHO014Z070UsJ+pFvYuRSq8KH8DmWpnbXe0pEPDHXZV3FcAbJkijJ5oNEnWw==",
      "dev": true,
      "bin": {
        "tsc": "bin/tsc",
        "tsserver": "bin/tsserver"
      },
      "engines": {
        "node": ">=14.17"
      }
    }
  },
  "dependencies": {
    "@lordfokas/event-bus": {
      "version": "1.0.22",
      "resolved": "https://registry.npmjs.org/@lordfokas/event-bus/-/event-bus-1.0.22.tgz",
      "integrity": "sha512-2iWIcDwkjUm9LcSq+eU+woPahzk4cJmRzL+It/HGU0zgwO0zcOODNyruvenGjjKDU2lP22+CJr7KdkOaP4H6pg=="
    },
    "typescript": {
      "version": "5.3.3",
      "resolved": "https://registry.npmjs.org/typescript/-/typescript-5.3.3.tgz",
      "integrity": "sha512-pXWcraxM0uxAS+tN0AG/BF2TyqmHO014Z070UsJ+pFvYuRSq8KH8DmWpnbXe0pEPDHXZV3FcAbJkijJ5oNEnWw==",
      "dev": true
    }
  }
}
